
Microsoft Visual Studio Solution File, Format Version 12.00
# Visual Studio 15
VisualStudioVersion = 15.0.28307.902
MinimumVisualStudioVersion = 10.0.40219.1
Project("{FAE04EC0-301F-11D3-BF4B-00C04F79EFBC}") = "7_3_생성자와종료자", "7_3_생성자와종료자\7_3_생성자와종료자.csproj", "{8F5C6ADE-CE15-481E-8BD7-E0E7E85A410C}"
EndProject
Project("{FAE04EC0-301F-11D3-BF4B-00C04F79EFBC}") = "7_4_정적필드와메소드", "7_4_정적필드와메소드\7_4_정적필드와메소드.csproj", "{0CE87D8C-D3CA-4446-A74A-F70FF3C15520}"
EndProject
Project("{FAE04EC0-301F-11D3-BF4B-00C04F79EFBC}") = "7_5_얕은복사와깊은복사", "7_5_얕은복사와깊은복사\7_5_얕은복사와깊은복사.csproj", "{4771F485-7547-4F42-8D90-32836B5A4CDF}"
EndProject
Project("{FAE04EC0-301F-11D3-BF4B-00C04F79EFBC}") = "7_6_this", "7_6_this\7_6_this.csproj", "{5643311E-48DE-4746-B98C-89D2A0B3692F}"
EndProject
Project("{FAE04EC0-301F-11D3-BF4B-00C04F79EFBC}") = "7_7_접근한정자", "7_7_접근한정자\7_7_접근한정자.csproj", "{F4477654-160B-499C-8AC7-23A24271686E}"
EndProject
Project("{FAE04EC0-301F-11D3-BF4B-00C04F79EFBC}") = "7_8_상속", "7_8_상속\7_8_상속.csproj", "{F2F4C449-F35E-48CA-9291-9E40C7252021}"
EndProject
Project("{FAE04EC0-301F-11D3-BF4B-00C04F79EFBC}") = "7_9_is_as", "7_9_is_as\7_9_is_as.csproj", "{8E35AE23-C0BF-4325-9FC9-BA83D3D3A370}"
EndProject
Project("{FAE04EC0-301F-11D3-BF4B-00C04F79EFBC}") = "7_10_오버라이딩", "7_10_오버라이딩\7_10_오버라이딩.csproj", "{85B89AA9-E22D-4FAC-A683-C7502304DA36}"
EndProject
Project("{FAE04EC0-301F-11D3-BF4B-00C04F79EFBC}") = "7_11_메소드숨기기", "7_11_메소드숨기기\7_11_메소드숨기기.csproj", "{8BA2C888-42F7-413E-BE77-BD19E548150B}"
EndProject
Project("{FAE04EC0-301F-11D3-BF4B-00C04F79EFBC}") = "7_12_오버라이딩봉인", "7_12_오버라이딩봉인\7_12_오버라이딩봉인.csproj", "{146D1551-111F-4FE6-B34F-801E6EB2BD07}"
EndProject
Project("{FAE04EC0-301F-11D3-BF4B-00C04F79EFBC}") = "7_13_중첩클래스", "7_13_중첩클래스\7_13_중첩클래스.csproj", "{3C76FF12-3AEA-4225-8A80-0E54BD5E7043}"
EndProject
Project("{FAE04EC0-301F-11D3-BF4B-00C04F79EFBC}") = "7_14분할클래스", "7_14분할클래스\7_14분할클래스.csproj", "{29EFDC23-05FC-4B6B-83E3-448C944AE33E}"
EndProject
Project("{FAE04EC0-301F-11D3-BF4B-00C04F79EFBC}") = "7_15_확장메소드", "7_15_확장메소드\7_15_확장메소드.csproj", "{1B20E312-7206-4278-B5BF-08DFB937997A}"
EndProject
Project("{FAE04EC0-301F-11D3-BF4B-00C04F79EFBC}") = "7_16_구조체", "7_16_구조체\7_16_구조체.csproj", "{9BC15F84-7DAB-4BF9-B88A-8D5FF970B87F}"
EndProject
Project("{FAE04EC0-301F-11D3-BF4B-00C04F79EFBC}") = "7_17_튜플", "7_17_튜플\7_17_튜플.csproj", "{608F939E-9D78-4B98-9744-FF472AB285B0}"
EndProject
Global
	GlobalSection(SolutionConfigurationPlatforms) = preSolution
		Debug|Any CPU = Debug|Any CPU
		Release|Any CPU = Release|Any CPU
	EndGlobalSection
	GlobalSection(ProjectConfigurationPlatforms) = postSolution
		{8F5C6ADE-CE15-481E-8BD7-E0E7E85A410C}.Debug|Any CPU.ActiveCfg = Debug|Any CPU
		{8F5C6ADE-CE15-481E-8BD7-E0E7E85A410C}.Debug|Any CPU.Build.0 = Debug|Any CPU
		{8F5C6ADE-CE15-481E-8BD7-E0E7E85A410C}.Release|Any CPU.ActiveCfg = Release|Any CPU
		{8F5C6ADE-CE15-481E-8BD7-E0E7E85A410C}.Release|Any CPU.Build.0 = Release|Any CPU
		{0CE87D8C-D3CA-4446-A74A-F70FF3C15520}.Debug|Any CPU.ActiveCfg = Debug|Any CPU
		{0CE87D8C-D3CA-4446-A74A-F70FF3C15520}.Debug|Any CPU.Build.0 = Debug|Any CPU
		{0CE87D8C-D3CA-4446-A74A-F70FF3C15520}.Release|Any CPU.ActiveCfg = Release|Any CPU
		{0CE87D8C-D3CA-4446-A74A-F70FF3C15520}.Release|Any CPU.Build.0 = Release|Any CPU
		{4771F485-7547-4F42-8D90-32836B5A4CDF}.Debug|Any CPU.ActiveCfg = Debug|Any CPU
		{4771F485-7547-4F42-8D90-32836B5A4CDF}.Debug|Any CPU.Build.0 = Debug|Any CPU
		{4771F485-7547-4F42-8D90-32836B5A4CDF}.Release|Any CPU.ActiveCfg = Release|Any CPU
		{4771F485-7547-4F42-8D90-32836B5A4CDF}.Release|Any CPU.Build.0 = Release|Any CPU
		{5643311E-48DE-4746-B98C-89D2A0B3692F}.Debug|Any CPU.ActiveCfg = Debug|Any CPU
		{5643311E-48DE-4746-B98C-89D2A0B3692F}.Debug|Any CPU.Build.0 = Debug|Any CPU
		{5643311E-48DE-4746-B98C-89D2A0B3692F}.Release|Any CPU.ActiveCfg = Release|Any CPU
		{5643311E-48DE-4746-B98C-89D2A0B3692F}.Release|Any CPU.Build.0 = Release|Any CPU
		{F4477654-160B-499C-8AC7-23A24271686E}.Debug|Any CPU.ActiveCfg = Debug|Any CPU
		{F4477654-160B-499C-8AC7-23A24271686E}.Debug|Any CPU.Build.0 = Debug|Any CPU
		{F4477654-160B-499C-8AC7-23A24271686E}.Release|Any CPU.ActiveCfg = Release|Any CPU
		{F4477654-160B-499C-8AC7-23A24271686E}.Release|Any CPU.Build.0 = Release|Any CPU
		{F2F4C449-F35E-48CA-9291-9E40C7252021}.Debug|Any CPU.ActiveCfg = Debug|Any CPU
		{F2F4C449-F35E-48CA-9291-9E40C7252021}.Debug|Any CPU.Build.0 = Debug|Any CPU
		{F2F4C449-F35E-48CA-9291-9E40C7252021}.Release|Any CPU.ActiveCfg = Release|Any CPU
		{F2F4C449-F35E-48CA-9291-9E40C7252021}.Release|Any CPU.Build.0 = Release|Any CPU
		{8E35AE23-C0BF-4325-9FC9-BA83D3D3A370}.Debug|Any CPU.ActiveCfg = Debug|Any CPU
		{8E35AE23-C0BF-4325-9FC9-BA83D3D3A370}.Debug|Any CPU.Build.0 = Debug|Any CPU
		{8E35AE23-C0BF-4325-9FC9-BA83D3D3A370}.Release|Any CPU.ActiveCfg = Release|Any CPU
		{8E35AE23-C0BF-4325-9FC9-BA83D3D3A370}.Release|Any CPU.Build.0 = Release|Any CPU
		{85B89AA9-E22D-4FAC-A683-C7502304DA36}.Debug|Any CPU.ActiveCfg = Debug|Any CPU
		{85B89AA9-E22D-4FAC-A683-C7502304DA36}.Debug|Any CPU.Build.0 = Debug|Any CPU
		{85B89AA9-E22D-4FAC-A683-C7502304DA36}.Release|Any CPU.ActiveCfg = Release|Any CPU
		{85B89AA9-E22D-4FAC-A683-C7502304DA36}.Release|Any CPU.Build.0 = Release|Any CPU
		{8BA2C888-42F7-413E-BE77-BD19E548150B}.Debug|Any CPU.ActiveCfg = Debug|Any CPU
		{8BA2C888-42F7-413E-BE77-BD19E548150B}.Debug|Any CPU.Build.0 = Debug|Any CPU
		{8BA2C888-42F7-413E-BE77-BD19E548150B}.Release|Any CPU.ActiveCfg = Release|Any CPU
		{8BA2C888-42F7-413E-BE77-BD19E548150B}.Release|Any CPU.Build.0 = Release|Any CPU
		{146D1551-111F-4FE6-B34F-801E6EB2BD07}.Debug|Any CPU.ActiveCfg = Debug|Any CPU
		{146D1551-111F-4FE6-B34F-801E6EB2BD07}.Debug|Any CPU.Build.0 = Debug|Any CPU
		{146D1551-111F-4FE6-B34F-801E6EB2BD07}.Release|Any CPU.ActiveCfg = Release|Any CPU
		{146D1551-111F-4FE6-B34F-801E6EB2BD07}.Release|Any CPU.Build.0 = Release|Any CPU
		{3C76FF12-3AEA-4225-8A80-0E54BD5E7043}.Debug|Any CPU.ActiveCfg = Debug|Any CPU
		{3C76FF12-3AEA-4225-8A80-0E54BD5E7043}.Debug|Any CPU.Build.0 = Debug|Any CPU
		{3C76FF12-3AEA-4225-8A80-0E54BD5E7043}.Release|Any CPU.ActiveCfg = Release|Any CPU
		{3C76FF12-3AEA-4225-8A80-0E54BD5E7043}.Release|Any CPU.Build.0 = Release|Any CPU
		{29EFDC23-05FC-4B6B-83E3-448C944AE33E}.Debug|Any CPU.ActiveCfg = Debug|Any CPU
		{29EFDC23-05FC-4B6B-83E3-448C944AE33E}.Debug|Any CPU.Build.0 = Debug|Any CPU
		{29EFDC23-05FC-4B6B-83E3-448C944AE33E}.Release|Any CPU.ActiveCfg = Release|Any CPU
		{29EFDC23-05FC-4B6B-83E3-448C944AE33E}.Release|Any CPU.Build.0 = Release|Any CPU
		{1B20E312-7206-4278-B5BF-08DFB937997A}.Debug|Any CPU.ActiveCfg = Debug|Any CPU
		{1B20E312-7206-4278-B5BF-08DFB937997A}.Debug|Any CPU.Build.0 = Debug|Any CPU
		{1B20E312-7206-4278-B5BF-08DFB937997A}.Release|Any CPU.ActiveCfg = Release|Any CPU
		{1B20E312-7206-4278-B5BF-08DFB937997A}.Release|Any CPU.Build.0 = Release|Any CPU
		{9BC15F84-7DAB-4BF9-B88A-8D5FF970B87F}.Debug|Any CPU.ActiveCfg = Debug|Any CPU
		{9BC15F84-7DAB-4BF9-B88A-8D5FF970B87F}.Debug|Any CPU.Build.0 = Debug|Any CPU
		{9BC15F84-7DAB-4BF9-B88A-8D5FF970B87F}.Release|Any CPU.ActiveCfg = Release|Any CPU
		{9BC15F84-7DAB-4BF9-B88A-8D5FF970B87F}.Release|Any CPU.Build.0 = Release|Any CPU
		{608F939E-9D78-4B98-9744-FF472AB285B0}.Debug|Any CPU.ActiveCfg = Debug|Any CPU
		{608F939E-9D78-4B98-9744-FF472AB285B0}.Debug|Any CPU.Build.0 = Debug|Any CPU
		{608F939E-9D78-4B98-9744-FF472AB285B0}.Release|Any CPU.ActiveCfg = Release|Any CPU
		{608F939E-9D78-4B98-9744-FF472AB285B0}.Release|Any CPU.Build.0 = Release|Any CPU
	EndGlobalSection
	GlobalSection(SolutionProperties) = preSolution
		HideSolutionNode = FALSE
	EndGlobalSection
	GlobalSection(ExtensibilityGlobals) = postSolution
		SolutionGuid = {5523F966-BFB1-4F97-8B79-E8E5BD1852EC}
	EndGlobalSection
EndGlobal
